
Microsoft Visual Studio Solution File, Format Version 12.00
# Visual Studio Version 17
VisualStudioVersion = 17.7.34024.191
MinimumVisualStudioVersion = 10.0.40219.1
Project("{9A19103F-16F7-4668-BE54-9A1E7A4F7556}") = "QrCodeApp.View", "QrCodeApp.View\QrCodeApp.View.csproj", "{4ED7BBE0-D7DC-4948-A63D-F34CB1E80211}"
EndProject
Project("{9A19103F-16F7-4668-BE54-9A1E7A4F7556}") = "QrCodeApp.ViewAvalonia", "QrCodeApp.ViewAvalonia\QrCodeApp.ViewAvalonia.csproj", "{F0D82FF7-0229-4038-A655-D9026F913E1F}"
EndProject
Project("{9A19103F-16F7-4668-BE54-9A1E7A4F7556}") = "QrCodeApp.ViewAvalonia.Desktop", "QrCodeApp.ViewAvalonia.Desktop\QrCodeApp.ViewAvalonia.Desktop.csproj", "{0D688F89-C822-452D-A584-D5AC7D941806}"
EndProject
Global
	GlobalSection(SolutionConfigurationPlatforms) = preSolution
		Debug|Any CPU = Debug|Any CPU
		Release|Any CPU = Release|Any CPU
	EndGlobalSection
	GlobalSection(ProjectConfigurationPlatforms) = postSolution
		{4ED7BBE0-D7DC-4948-A63D-F34CB1E80211}.Debug|Any CPU.ActiveCfg = Debug|Any CPU
		{4ED7BBE0-D7DC-4948-A63D-F34CB1E80211}.Debug|Any CPU.Build.0 = Debug|Any CPU
		{4ED7BBE0-D7DC-4948-A63D-F34CB1E80211}.Release|Any CPU.ActiveCfg = Release|Any CPU
		{4ED7BBE0-D7DC-4948-A63D-F34CB1E80211}.Release|Any CPU.Build.0 = Release|Any CPU
		{F0D82FF7-0229-4038-A655-D9026F913E1F}.Debug|Any CPU.ActiveCfg = Debug|Any CPU
		{F0D82FF7-0229-4038-A655-D9026F913E1F}.Debug|Any CPU.Build.0 = Debug|Any CPU
		{F0D82FF7-0229-4038-A655-D9026F913E1F}.Release|Any CPU.ActiveCfg = Release|Any CPU
		{F0D82FF7-0229-4038-A655-D9026F913E1F}.Release|Any CPU.Build.0 = Release|Any CPU
		{0D688F89-C822-452D-A584-D5AC7D941806}.Debug|Any CPU.ActiveCfg = Debug|Any CPU
		{0D688F89-C822-452D-A584-D5AC7D941806}.Debug|Any CPU.Build.0 = Debug|Any CPU
		{0D688F89-C822-452D-A584-D5AC7D941806}.Release|Any CPU.ActiveCfg = Release|Any CPU
		{0D688F89-C822-452D-A584-D5AC7D941806}.Release|Any CPU.Build.0 = Release|Any CPU
	EndGlobalSection
	GlobalSection(SolutionProperties) = preSolution
		HideSolutionNode = FALSE
	EndGlobalSection
	GlobalSection(ExtensibilityGlobals) = postSolution
		SolutionGuid = {DD05AF8E-63B1-48F4-9109-1013C85935DD}
	EndGlobalSection
EndGlobal
